Microsoft Visual Studio Solution File, Format Version 12.00
# Visual Studio 15
VisualStudioVersion = 15.0.27130.2027
MinimumVisualStudioVersion = 10.0.40219.1
Project("{FAE04EC0-301F-11D3-BF4B-00C04F79EFBC}") = "Saplin.StorageSpeedMeter", "Saplin.StorageSpeedMeter\Saplin.StorageSpeedMeter.csproj", "{37B2279C-6A33-4F67-8152-5FE8767B3FEF}"
EndProject
Project("{FAE04EC0-301F-11D3-BF4B-00C04F79EFBC}") = "CPDT_Console", "CPDT_Console\CPDT_Console.csproj", "{F4CCB90F-1C4D-42F8-B6A2-3D6DE3FC5E43}"
EndProject
Global
	GlobalSection(SolutionConfigurationPlatforms) = preSolution
		Debug|Any CPU = Debug|Any CPU
		Debug|ARM = Debug|ARM
		Debug|x64 = Debug|x64
		Debug|x86 = Debug|x86
		Release|Any CPU = Release|Any CPU
		Release|ARM = Release|ARM
		Release|x64 = Release|x64
		Release|x86 = Release|x86
	EndGlobalSection
	GlobalSection(ProjectConfigurationPlatforms) = postSolution
		{37B2279C-6A33-4F67-8152-5FE8767B3FEF}.Debug|Any CPU.ActiveCfg = Debug|Any CPU
		{37B2279C-6A33-4F67-8152-5FE8767B3FEF}.Debug|Any CPU.Build.0 = Debug|Any CPU
		{37B2279C-6A33-4F67-8152-5FE8767B3FEF}.Debug|ARM.ActiveCfg = Debug|Any CPU
		{37B2279C-6A33-4F67-8152-5FE8767B3FEF}.Debug|ARM.Build.0 = Debug|Any CPU
		{37B2279C-6A33-4F67-8152-5FE8767B3FEF}.Debug|x64.ActiveCfg = Debug|Any CPU
		{37B2279C-6A33-4F67-8152-5FE8767B3FEF}.Debug|x64.Build.0 = Debug|Any CPU
		{37B2279C-6A33-4F67-8152-5FE8767B3FEF}.Debug|x86.ActiveCfg = Debug|Any CPU
		{37B2279C-6A33-4F67-8152-5FE8767B3FEF}.Debug|x86.Build.0 = Debug|Any CPU
		{37B2279C-6A33-4F67-8152-5FE8767B3FEF}.Release|Any CPU.ActiveCfg = Release|Any CPU
		{37B2279C-6A33-4F67-8152-5FE8767B3FEF}.Release|Any CPU.Build.0 = Release|Any CPU
		{37B2279C-6A33-4F67-8152-5FE8767B3FEF}.Release|ARM.ActiveCfg = Release|Any CPU
		{37B2279C-6A33-4F67-8152-5FE8767B3FEF}.Release|ARM.Build.0 = Release|Any CPU
		{37B2279C-6A33-4F67-8152-5FE8767B3FEF}.Release|x64.ActiveCfg = Release|Any CPU
		{37B2279C-6A33-4F67-8152-5FE8767B3FEF}.Release|x64.Build.0 = Release|Any CPU
		{37B2279C-6A33-4F67-8152-5FE8767B3FEF}.Release|x86.ActiveCfg = Release|Any CPU
		{37B2279C-6A33-4F67-8152-5FE8767B3FEF}.Release|x86.Build.0 = Release|Any CPU
		{F4CCB90F-1C4D-42F8-B6A2-3D6DE3FC5E43}.Debug|Any CPU.ActiveCfg = Debug|Any CPU
		{F4CCB90F-1C4D-42F8-B6A2-3D6DE3FC5E43}.Debug|Any CPU.Build.0 = Debug|Any CPU
		{F4CCB90F-1C4D-42F8-B6A2-3D6DE3FC5E43}.Debug|ARM.ActiveCfg = Debug|Any CPU
		{F4CCB90F-1C4D-42F8-B6A2-3D6DE3FC5E43}.Debug|ARM.Build.0 = Debug|Any CPU
		{F4CCB90F-1C4D-42F8-B6A2-3D6DE3FC5E43}.Debug|x64.ActiveCfg = Debug|Any CPU
		{F4CCB90F-1C4D-42F8-B6A2-3D6DE3FC5E43}.Debug|x64.Build.0 = Debug|Any CPU
		{F4CCB90F-1C4D-42F8-B6A2-3D6DE3FC5E43}.Debug|x86.ActiveCfg = Debug|Any CPU
		{F4CCB90F-1C4D-42F8-B6A2-3D6DE3FC5E43}.Debug|x86.Build.0 = Debug|Any CPU
		{F4CCB90F-1C4D-42F8-B6A2-3D6DE3FC5E43}.Release|Any CPU.ActiveCfg = Release|Any CPU
		{F4CCB90F-1C4D-42F8-B6A2-3D6DE3FC5E43}.Release|Any CPU.Build.0 = Release|Any CPU
		{F4CCB90F-1C4D-42F8-B6A2-3D6DE3FC5E43}.Release|ARM.ActiveCfg = Release|Any CPU
		{F4CCB90F-1C4D-42F8-B6A2-3D6DE3FC5E43}.Release|ARM.Build.0 = Release|Any CPU
		{F4CCB90F-1C4D-42F8-B6A2-3D6DE3FC5E43}.Release|x64.ActiveCfg = Release|Any CPU
		{F4CCB90F-1C4D-42F8-B6A2-3D6DE3FC5E43}.Release|x64.Build.0 = Release|Any CPU
		{F4CCB90F-1C4D-42F8-B6A2-3D6DE3FC5E43}.Release|x86.ActiveCfg = Release|Any CPU
		{F4CCB90F-1C4D-42F8-B6A2-3D6DE3FC5E43}.Release|x86.Build.0 = Release|Any CPU
	EndGlobalSection
	GlobalSection(SolutionProperties) = preSolution
		HideSolutionNode = FALSE
	EndGlobalSection
	GlobalSection(NestedProjects) = preSolution
	EndGlobalSection
	GlobalSection(ExtensibilityGlobals) = postSolution
		SolutionGuid = {4A99AFA5-AEE2-483A-983C-028059A935A5}
	EndGlobalSection
	GlobalSection(MonoDevelopProperties) = preSolution
		version = 2.0.1
	EndGlobalSection
EndGlobal
